
Microsoft Visual Studio Solution File, Format Version 12.00
# Visual Studio Version 16
VisualStudioVersion = 16.0.30204.135
MinimumVisualStudioVersion = 10.0.40219.1
Project("{FAE04EC0-301F-11D3-BF4B-00C04F79EFBC}") = "Exercicio_Livros", "Exercicio_Livros\Exercicio_Livros.csproj", "{B3921365-ABB3-4A03-AD24-AA14CFBA1EBE}"
EndProject
Global
	GlobalSection(SolutionConfigurationPlatforms) = preSolution
		Debug|Any CPU = Debug|Any CPU
		Release|Any CPU = Release|Any CPU
	EndGlobalSection
	GlobalSection(ProjectConfigurationPlatforms) = postSolution
		{B3921365-ABB3-4A03-AD24-AA14CFBA1EBE}.Debug|Any CPU.ActiveCfg = Debug|Any CPU
		{B3921365-ABB3-4A03-AD24-AA14CFBA1EBE}.Debug|Any CPU.Build.0 = Debug|Any CPU
		{B3921365-ABB3-4A03-AD24-AA14CFBA1EBE}.Release|Any CPU.ActiveCfg = Release|Any CPU
		{B3921365-ABB3-4A03-AD24-AA14CFBA1EBE}.Release|Any CPU.Build.0 = Release|Any CPU
	EndGlobalSection
	GlobalSection(SolutionProperties) = preSolution
		HideSolutionNode = FALSE
	EndGlobalSection
	GlobalSection(ExtensibilityGlobals) = postSolution
		SolutionGuid = {1266FF8F-CF3B-4CEC-87AD-EFFDF1A11028}
	EndGlobalSection
EndGlobal
